
Microsoft Visual Studio Solution File, Format Version 12.00
# Visual Studio Version 17
VisualStudioVersion = 17.3.32825.248
MinimumVisualStudioVersion = 10.0.40219.1
Project("{FAE04EC0-301F-11D3-BF4B-00C04F79EFBC}") = "semana6.Android", "semana6.Android\semana6.Android.csproj", "{70419E07-6492-4915-8024-11DE5008FF2E}"
EndProject
Project("{FAE04EC0-301F-11D3-BF4B-00C04F79EFBC}") = "semana6", "semana6\semana6.csproj", "{3019F2C8-E84B-44A7-90F9-B288CD492C77}"
EndProject
Global
	GlobalSection(SolutionConfigurationPlatforms) = preSolution
		Debug|Any CPU = Debug|Any CPU
		Release|Any CPU = Release|Any CPU
	EndGlobalSection
	GlobalSection(ProjectConfigurationPlatforms) = postSolution
		{70419E07-6492-4915-8024-11DE5008FF2E}.Debug|Any CPU.ActiveCfg = Debug|Any CPU
		{70419E07-6492-4915-8024-11DE5008FF2E}.Debug|Any CPU.Build.0 = Debug|Any CPU
		{70419E07-6492-4915-8024-11DE5008FF2E}.Debug|Any CPU.Deploy.0 = Debug|Any CPU
		{70419E07-6492-4915-8024-11DE5008FF2E}.Release|Any CPU.ActiveCfg = Release|Any CPU
		{70419E07-6492-4915-8024-11DE5008FF2E}.Release|Any CPU.Build.0 = Release|Any CPU
		{70419E07-6492-4915-8024-11DE5008FF2E}.Release|Any CPU.Deploy.0 = Release|Any CPU
		{3019F2C8-E84B-44A7-90F9-B288CD492C77}.Debug|Any CPU.ActiveCfg = Debug|Any CPU
		{3019F2C8-E84B-44A7-90F9-B288CD492C77}.Debug|Any CPU.Build.0 = Debug|Any CPU
		{3019F2C8-E84B-44A7-90F9-B288CD492C77}.Debug|Any CPU.Deploy.0 = Debug|Any CPU
		{3019F2C8-E84B-44A7-90F9-B288CD492C77}.Release|Any CPU.ActiveCfg = Release|Any CPU
		{3019F2C8-E84B-44A7-90F9-B288CD492C77}.Release|Any CPU.Build.0 = Release|Any CPU
		{3019F2C8-E84B-44A7-90F9-B288CD492C77}.Release|Any CPU.Deploy.0 = Release|Any CPU
	EndGlobalSection
	GlobalSection(SolutionProperties) = preSolution
		HideSolutionNode = FALSE
	EndGlobalSection
	GlobalSection(ExtensibilityGlobals) = postSolution
		SolutionGuid = {6BFD39EF-1128-4FFD-AFF4-BF8C28CB1D13}
	EndGlobalSection
EndGlobal
